
Microsoft Visual Studio Solution File, Format Version 12.00
# Visual Studio Version 16
VisualStudioVersion = 16.0.29728.190
MinimumVisualStudioVersion = 10.0.40219.1
Project("{FAE04EC0-301F-11D3-BF4B-00C04F79EFBC}") = "SuperSorter.App", "SuperSorter.App\SuperSorter.App.csproj", "{49C3C223-66D5-4100-9123-EE0B96B1AA6C}"
EndProject
Global
	GlobalSection(SolutionConfigurationPlatforms) = preSolution
		Debug|Any CPU = Debug|Any CPU
		Release|Any CPU = Release|Any CPU
	EndGlobalSection
	GlobalSection(ProjectConfigurationPlatforms) = postSolution
		{49C3C223-66D5-4100-9123-EE0B96B1AA6C}.Debug|Any CPU.ActiveCfg = Debug|Any CPU
		{49C3C223-66D5-4100-9123-EE0B96B1AA6C}.Debug|Any CPU.Build.0 = Debug|Any CPU
		{49C3C223-66D5-4100-9123-EE0B96B1AA6C}.Release|Any CPU.ActiveCfg = Release|Any CPU
		{49C3C223-66D5-4100-9123-EE0B96B1AA6C}.Release|Any CPU.Build.0 = Release|Any CPU
	EndGlobalSection
	GlobalSection(SolutionProperties) = preSolution
		HideSolutionNode = FALSE
	EndGlobalSection
	GlobalSection(ExtensibilityGlobals) = postSolution
		SolutionGuid = {C4020EAC-B512-46C4-B240-01E9EE5F03BA}
	EndGlobalSection
EndGlobal
